
Microsoft Visual Studio Solution File, Format Version 12.00
# Visual Studio Version 17
VisualStudioVersion = 17.0.31903.59
MinimumVisualStudioVersion = 10.0.40219.1
Project("{2150E333-8FDC-42A3-9474-1A3956D46DE8}") = "Api", "Api", "{827E0CD3-B72D-47B6-A68D-7590B98EB39B}"
EndProject
Project("{2150E333-8FDC-42A3-9474-1A3956D46DE8}") = "Aspire", "Aspire", "{02EA681E-C7D8-13C7-8484-4AC65E1B71E8}"
EndProject
Project("{FAE04EC0-301F-11D3-BF4B-00C04F79EFBC}") = "Avancira.Host", "aspire\Avancira.Host\Avancira.Host.csproj", "{DD759EED-7033-4BF5-9F9A-0C631B9099A5}"
EndProject
Project("{FAE04EC0-301F-11D3-BF4B-00C04F79EFBC}") = "Avancira.ServiceDefaults", "aspire\Avancira.ServiceDefaults\Avancira.ServiceDefaults.csproj", "{CCB1AAC0-4161-432C-A8C7-9E3600DEBBE6}"
EndProject
Project("{2150E333-8FDC-42A3-9474-1A3956D46DE8}") = "Admin", "Admin", "{8E95B6B0-C6F3-4998-993F-D3B4EFDD8135}"
EndProject
Project("{FAE04EC0-301F-11D3-BF4B-00C04F79EFBC}") = "Client", "admin\Client\Client.csproj", "{C44A1350-8227-44ED-9147-F96BB72D8067}"
EndProject
Project("{FAE04EC0-301F-11D3-BF4B-00C04F79EFBC}") = "Infrastructure", "admin\Infrastructure\Infrastructure.csproj", "{E5F034AE-2515-4B0B-BC28-4CA5B4C32079}"
EndProject
Project("{FAE04EC0-301F-11D3-BF4B-00C04F79EFBC}") = "Shared", "admin\Shared\Shared.csproj", "{02B673C5-8E82-4573-B0B7-B8FC0FF04A04}"
EndProject
Project("{FAE04EC0-301F-11D3-BF4B-00C04F79EFBC}") = "Avancira.API", "api\Avancira.API\Avancira.API.csproj", "{87B1B719-ED85-2416-4096-905AA5A956E6}"
EndProject

Project("{FAE04EC0-301F-11D3-BF4B-00C04F79EFBC}") = "Avancira.Auth", "api\Avancira.Auth\Avancira.Auth.csproj", "{F2FBF86A-CB64-40BA-97CE-2F44169B1373}"
EndProject
Project("{FAE04EC0-301F-11D3-BF4B-00C04F79EFBC}") = "Avancira.Application", "api\Avancira.Application\Avancira.Application.csproj", "{ECBCA2E0-FCB6-6D6E-A1F5-612C2C208628}"
EndProject
Project("{FAE04EC0-301F-11D3-BF4B-00C04F79EFBC}") = "Avancira.Domain", "api\Avancira.Domain\Avancira.Domain.csproj", "{9AE12332-4460-D19E-8F51-524C437160F0}"
EndProject
Project("{FAE04EC0-301F-11D3-BF4B-00C04F79EFBC}") = "Avancira.Infrastructure", "api\Avancira.Infrastructure\Avancira.Infrastructure.csproj", "{5C6DED85-60D9-5D6F-035A-6FDCA539AF1F}"
EndProject
Project("{FAE04EC0-301F-11D3-BF4B-00C04F79EFBC}") = "Avancira.Migrations", "api\Avancira.Migrations\Avancira.Migrations.csproj", "{C79CBE3D-5DF4-E849-0BAD-D5E0B42E3F17}"
EndProject
Project("{FAE04EC0-301F-11D3-BF4B-00C04F79EFBC}") = "Avancira.Shared", "api\Avancira.Shared\Avancira.Shared.csproj", "{99579333-ED59-0EDE-6D31-C76842352B62}"
EndProject
Project("{FAE04EC0-301F-11D3-BF4B-00C04F79EFBC}") = "Avancira.BFF", "Avancira.BFF\Avancira.BFF.csproj", "{C6250C68-BF90-48F8-BBFF-C4186F44E08F}"
EndProject
Project("{FAE04EC0-301F-11D3-BF4B-00C04F79EFBC}") = "Frontend.Angular", "Frontend.Angular\Frontend.Angular.csproj", "{BEF5FE65-76EF-10FC-54EB-DA7F924839E2}"
EndProject
Project("{2150E333-8FDC-42A3-9474-1A3956D46DE8}") = "Client", "Client", "{FB8E4463-E335-4EC2-9FB0-A7CA6C6E218B}"
EndProject
Global
	GlobalSection(SolutionConfigurationPlatforms) = preSolution
		Debug|Any CPU = Debug|Any CPU
		Debug|x64 = Debug|x64
		Debug|x86 = Debug|x86
		Release|Any CPU = Release|Any CPU
		Release|x64 = Release|x64
		Release|x86 = Release|x86
	EndGlobalSection
	GlobalSection(ProjectConfigurationPlatforms) = postSolution
		{DD759EED-7033-4BF5-9F9A-0C631B9099A5}.Debug|Any CPU.ActiveCfg = Debug|Any CPU
		{DD759EED-7033-4BF5-9F9A-0C631B9099A5}.Debug|Any CPU.Build.0 = Debug|Any CPU
		{DD759EED-7033-4BF5-9F9A-0C631B9099A5}.Debug|x64.ActiveCfg = Debug|Any CPU
		{DD759EED-7033-4BF5-9F9A-0C631B9099A5}.Debug|x64.Build.0 = Debug|Any CPU
		{DD759EED-7033-4BF5-9F9A-0C631B9099A5}.Debug|x86.ActiveCfg = Debug|Any CPU
		{DD759EED-7033-4BF5-9F9A-0C631B9099A5}.Debug|x86.Build.0 = Debug|Any CPU
		{DD759EED-7033-4BF5-9F9A-0C631B9099A5}.Release|Any CPU.ActiveCfg = Release|Any CPU
		{DD759EED-7033-4BF5-9F9A-0C631B9099A5}.Release|Any CPU.Build.0 = Release|Any CPU
		{DD759EED-7033-4BF5-9F9A-0C631B9099A5}.Release|x64.ActiveCfg = Release|Any CPU
		{DD759EED-7033-4BF5-9F9A-0C631B9099A5}.Release|x64.Build.0 = Release|Any CPU
		{DD759EED-7033-4BF5-9F9A-0C631B9099A5}.Release|x86.ActiveCfg = Release|Any CPU
		{DD759EED-7033-4BF5-9F9A-0C631B9099A5}.Release|x86.Build.0 = Release|Any CPU
		{CCB1AAC0-4161-432C-A8C7-9E3600DEBBE6}.Debug|Any CPU.ActiveCfg = Debug|Any CPU
		{CCB1AAC0-4161-432C-A8C7-9E3600DEBBE6}.Debug|Any CPU.Build.0 = Debug|Any CPU
		{CCB1AAC0-4161-432C-A8C7-9E3600DEBBE6}.Debug|x64.ActiveCfg = Debug|Any CPU
		{CCB1AAC0-4161-432C-A8C7-9E3600DEBBE6}.Debug|x64.Build.0 = Debug|Any CPU
		{CCB1AAC0-4161-432C-A8C7-9E3600DEBBE6}.Debug|x86.ActiveCfg = Debug|Any CPU
		{CCB1AAC0-4161-432C-A8C7-9E3600DEBBE6}.Debug|x86.Build.0 = Debug|Any CPU
		{CCB1AAC0-4161-432C-A8C7-9E3600DEBBE6}.Release|Any CPU.ActiveCfg = Release|Any CPU
		{CCB1AAC0-4161-432C-A8C7-9E3600DEBBE6}.Release|Any CPU.Build.0 = Release|Any CPU
		{CCB1AAC0-4161-432C-A8C7-9E3600DEBBE6}.Release|x64.ActiveCfg = Release|Any CPU
		{CCB1AAC0-4161-432C-A8C7-9E3600DEBBE6}.Release|x64.Build.0 = Release|Any CPU
		{CCB1AAC0-4161-432C-A8C7-9E3600DEBBE6}.Release|x86.ActiveCfg = Release|Any CPU
		{CCB1AAC0-4161-432C-A8C7-9E3600DEBBE6}.Release|x86.Build.0 = Release|Any CPU
		{C44A1350-8227-44ED-9147-F96BB72D8067}.Debug|Any CPU.ActiveCfg = Debug|Any CPU
		{C44A1350-8227-44ED-9147-F96BB72D8067}.Debug|Any CPU.Build.0 = Debug|Any CPU
		{C44A1350-8227-44ED-9147-F96BB72D8067}.Debug|x64.ActiveCfg = Debug|Any CPU
		{C44A1350-8227-44ED-9147-F96BB72D8067}.Debug|x64.Build.0 = Debug|Any CPU
		{C44A1350-8227-44ED-9147-F96BB72D8067}.Debug|x86.ActiveCfg = Debug|Any CPU
		{C44A1350-8227-44ED-9147-F96BB72D8067}.Debug|x86.Build.0 = Debug|Any CPU
		{C44A1350-8227-44ED-9147-F96BB72D8067}.Release|Any CPU.ActiveCfg = Release|Any CPU
		{C44A1350-8227-44ED-9147-F96BB72D8067}.Release|Any CPU.Build.0 = Release|Any CPU
		{C44A1350-8227-44ED-9147-F96BB72D8067}.Release|x64.ActiveCfg = Release|Any CPU
		{C44A1350-8227-44ED-9147-F96BB72D8067}.Release|x64.Build.0 = Release|Any CPU
		{C44A1350-8227-44ED-9147-F96BB72D8067}.Release|x86.ActiveCfg = Release|Any CPU
		{C44A1350-8227-44ED-9147-F96BB72D8067}.Release|x86.Build.0 = Release|Any CPU
		{E5F034AE-2515-4B0B-BC28-4CA5B4C32079}.Debug|Any CPU.ActiveCfg = Debug|Any CPU
		{E5F034AE-2515-4B0B-BC28-4CA5B4C32079}.Debug|Any CPU.Build.0 = Debug|Any CPU
		{E5F034AE-2515-4B0B-BC28-4CA5B4C32079}.Debug|x64.ActiveCfg = Debug|Any CPU
		{E5F034AE-2515-4B0B-BC28-4CA5B4C32079}.Debug|x64.Build.0 = Debug|Any CPU
		{E5F034AE-2515-4B0B-BC28-4CA5B4C32079}.Debug|x86.ActiveCfg = Debug|Any CPU
		{E5F034AE-2515-4B0B-BC28-4CA5B4C32079}.Debug|x86.Build.0 = Debug|Any CPU
		{E5F034AE-2515-4B0B-BC28-4CA5B4C32079}.Release|Any CPU.ActiveCfg = Release|Any CPU
		{E5F034AE-2515-4B0B-BC28-4CA5B4C32079}.Release|Any CPU.Build.0 = Release|Any CPU
		{E5F034AE-2515-4B0B-BC28-4CA5B4C32079}.Release|x64.ActiveCfg = Release|Any CPU
		{E5F034AE-2515-4B0B-BC28-4CA5B4C32079}.Release|x64.Build.0 = Release|Any CPU
		{E5F034AE-2515-4B0B-BC28-4CA5B4C32079}.Release|x86.ActiveCfg = Release|Any CPU
		{E5F034AE-2515-4B0B-BC28-4CA5B4C32079}.Release|x86.Build.0 = Release|Any CPU
		{02B673C5-8E82-4573-B0B7-B8FC0FF04A04}.Debug|Any CPU.ActiveCfg = Debug|Any CPU
		{02B673C5-8E82-4573-B0B7-B8FC0FF04A04}.Debug|Any CPU.Build.0 = Debug|Any CPU
		{02B673C5-8E82-4573-B0B7-B8FC0FF04A04}.Debug|x64.ActiveCfg = Debug|Any CPU
		{02B673C5-8E82-4573-B0B7-B8FC0FF04A04}.Debug|x64.Build.0 = Debug|Any CPU
		{02B673C5-8E82-4573-B0B7-B8FC0FF04A04}.Debug|x86.ActiveCfg = Debug|Any CPU
		{02B673C5-8E82-4573-B0B7-B8FC0FF04A04}.Debug|x86.Build.0 = Debug|Any CPU
		{02B673C5-8E82-4573-B0B7-B8FC0FF04A04}.Release|Any CPU.ActiveCfg = Release|Any CPU
		{02B673C5-8E82-4573-B0B7-B8FC0FF04A04}.Release|Any CPU.Build.0 = Release|Any CPU
		{02B673C5-8E82-4573-B0B7-B8FC0FF04A04}.Release|x64.ActiveCfg = Release|Any CPU
		{02B673C5-8E82-4573-B0B7-B8FC0FF04A04}.Release|x64.Build.0 = Release|Any CPU
		{02B673C5-8E82-4573-B0B7-B8FC0FF04A04}.Release|x86.ActiveCfg = Release|Any CPU
		{02B673C5-8E82-4573-B0B7-B8FC0FF04A04}.Release|x86.Build.0 = Release|Any CPU
		{87B1B719-ED85-2416-4096-905AA5A956E6}.Debug|Any CPU.ActiveCfg = Debug|Any CPU
		{87B1B719-ED85-2416-4096-905AA5A956E6}.Debug|Any CPU.Build.0 = Debug|Any CPU
		{87B1B719-ED85-2416-4096-905AA5A956E6}.Debug|x64.ActiveCfg = Debug|Any CPU
		{87B1B719-ED85-2416-4096-905AA5A956E6}.Debug|x64.Build.0 = Debug|Any CPU
		{87B1B719-ED85-2416-4096-905AA5A956E6}.Debug|x86.ActiveCfg = Debug|Any CPU
		{87B1B719-ED85-2416-4096-905AA5A956E6}.Debug|x86.Build.0 = Debug|Any CPU
		{87B1B719-ED85-2416-4096-905AA5A956E6}.Release|Any CPU.ActiveCfg = Release|Any CPU
		{87B1B719-ED85-2416-4096-905AA5A956E6}.Release|Any CPU.Build.0 = Release|Any CPU
		{87B1B719-ED85-2416-4096-905AA5A956E6}.Release|x64.ActiveCfg = Release|Any CPU
                {87B1B719-ED85-2416-4096-905AA5A956E6}.Release|x64.Build.0 = Release|Any CPU
                {87B1B719-ED85-2416-4096-905AA5A956E6}.Release|x86.ActiveCfg = Release|Any CPU
                {87B1B719-ED85-2416-4096-905AA5A956E6}.Release|x86.Build.0 = Release|Any CPU
                {F2FBF86A-CB64-40BA-97CE-2F44169B1373}.Debug|Any CPU.ActiveCfg = Debug|Any CPU
                {F2FBF86A-CB64-40BA-97CE-2F44169B1373}.Debug|Any CPU.Build.0 = Debug|Any CPU
                {F2FBF86A-CB64-40BA-97CE-2F44169B1373}.Debug|x64.ActiveCfg = Debug|Any CPU
                {F2FBF86A-CB64-40BA-97CE-2F44169B1373}.Debug|x64.Build.0 = Debug|Any CPU
                {F2FBF86A-CB64-40BA-97CE-2F44169B1373}.Debug|x86.ActiveCfg = Debug|Any CPU
                {F2FBF86A-CB64-40BA-97CE-2F44169B1373}.Debug|x86.Build.0 = Debug|Any CPU
                {F2FBF86A-CB64-40BA-97CE-2F44169B1373}.Release|Any CPU.ActiveCfg = Release|Any CPU
                {F2FBF86A-CB64-40BA-97CE-2F44169B1373}.Release|Any CPU.Build.0 = Release|Any CPU
                {F2FBF86A-CB64-40BA-97CE-2F44169B1373}.Release|x64.ActiveCfg = Release|Any CPU
                {F2FBF86A-CB64-40BA-97CE-2F44169B1373}.Release|x64.Build.0 = Release|Any CPU
                {F2FBF86A-CB64-40BA-97CE-2F44169B1373}.Release|x86.ActiveCfg = Release|Any CPU
                {F2FBF86A-CB64-40BA-97CE-2F44169B1373}.Release|x86.Build.0 = Release|Any CPU
                {ECBCA2E0-FCB6-6D6E-A1F5-612C2C208628}.Debug|Any CPU.ActiveCfg = Debug|Any CPU
		{ECBCA2E0-FCB6-6D6E-A1F5-612C2C208628}.Debug|Any CPU.Build.0 = Debug|Any CPU
		{ECBCA2E0-FCB6-6D6E-A1F5-612C2C208628}.Debug|x64.ActiveCfg = Debug|Any CPU
		{ECBCA2E0-FCB6-6D6E-A1F5-612C2C208628}.Debug|x64.Build.0 = Debug|Any CPU
		{ECBCA2E0-FCB6-6D6E-A1F5-612C2C208628}.Debug|x86.ActiveCfg = Debug|Any CPU
		{ECBCA2E0-FCB6-6D6E-A1F5-612C2C208628}.Debug|x86.Build.0 = Debug|Any CPU
		{ECBCA2E0-FCB6-6D6E-A1F5-612C2C208628}.Release|Any CPU.ActiveCfg = Release|Any CPU
		{ECBCA2E0-FCB6-6D6E-A1F5-612C2C208628}.Release|Any CPU.Build.0 = Release|Any CPU
		{ECBCA2E0-FCB6-6D6E-A1F5-612C2C208628}.Release|x64.ActiveCfg = Release|Any CPU
		{ECBCA2E0-FCB6-6D6E-A1F5-612C2C208628}.Release|x64.Build.0 = Release|Any CPU
		{ECBCA2E0-FCB6-6D6E-A1F5-612C2C208628}.Release|x86.ActiveCfg = Release|Any CPU
		{ECBCA2E0-FCB6-6D6E-A1F5-612C2C208628}.Release|x86.Build.0 = Release|Any CPU
		{9AE12332-4460-D19E-8F51-524C437160F0}.Debug|Any CPU.ActiveCfg = Debug|Any CPU
		{9AE12332-4460-D19E-8F51-524C437160F0}.Debug|Any CPU.Build.0 = Debug|Any CPU
		{9AE12332-4460-D19E-8F51-524C437160F0}.Debug|x64.ActiveCfg = Debug|Any CPU
		{9AE12332-4460-D19E-8F51-524C437160F0}.Debug|x64.Build.0 = Debug|Any CPU
		{9AE12332-4460-D19E-8F51-524C437160F0}.Debug|x86.ActiveCfg = Debug|Any CPU
		{9AE12332-4460-D19E-8F51-524C437160F0}.Debug|x86.Build.0 = Debug|Any CPU
		{9AE12332-4460-D19E-8F51-524C437160F0}.Release|Any CPU.ActiveCfg = Release|Any CPU
		{9AE12332-4460-D19E-8F51-524C437160F0}.Release|Any CPU.Build.0 = Release|Any CPU
		{9AE12332-4460-D19E-8F51-524C437160F0}.Release|x64.ActiveCfg = Release|Any CPU
		{9AE12332-4460-D19E-8F51-524C437160F0}.Release|x64.Build.0 = Release|Any CPU
		{9AE12332-4460-D19E-8F51-524C437160F0}.Release|x86.ActiveCfg = Release|Any CPU
		{9AE12332-4460-D19E-8F51-524C437160F0}.Release|x86.Build.0 = Release|Any CPU
		{5C6DED85-60D9-5D6F-035A-6FDCA539AF1F}.Debug|Any CPU.ActiveCfg = Debug|Any CPU
		{5C6DED85-60D9-5D6F-035A-6FDCA539AF1F}.Debug|Any CPU.Build.0 = Debug|Any CPU
		{5C6DED85-60D9-5D6F-035A-6FDCA539AF1F}.Debug|x64.ActiveCfg = Debug|Any CPU
		{5C6DED85-60D9-5D6F-035A-6FDCA539AF1F}.Debug|x64.Build.0 = Debug|Any CPU
		{5C6DED85-60D9-5D6F-035A-6FDCA539AF1F}.Debug|x86.ActiveCfg = Debug|Any CPU
		{5C6DED85-60D9-5D6F-035A-6FDCA539AF1F}.Debug|x86.Build.0 = Debug|Any CPU
		{5C6DED85-60D9-5D6F-035A-6FDCA539AF1F}.Release|Any CPU.ActiveCfg = Release|Any CPU
		{5C6DED85-60D9-5D6F-035A-6FDCA539AF1F}.Release|Any CPU.Build.0 = Release|Any CPU
		{5C6DED85-60D9-5D6F-035A-6FDCA539AF1F}.Release|x64.ActiveCfg = Release|Any CPU
		{5C6DED85-60D9-5D6F-035A-6FDCA539AF1F}.Release|x64.Build.0 = Release|Any CPU
		{5C6DED85-60D9-5D6F-035A-6FDCA539AF1F}.Release|x86.ActiveCfg = Release|Any CPU
		{5C6DED85-60D9-5D6F-035A-6FDCA539AF1F}.Release|x86.Build.0 = Release|Any CPU
		{C79CBE3D-5DF4-E849-0BAD-D5E0B42E3F17}.Debug|Any CPU.ActiveCfg = Debug|Any CPU
		{C79CBE3D-5DF4-E849-0BAD-D5E0B42E3F17}.Debug|Any CPU.Build.0 = Debug|Any CPU
		{C79CBE3D-5DF4-E849-0BAD-D5E0B42E3F17}.Debug|x64.ActiveCfg = Debug|Any CPU
		{C79CBE3D-5DF4-E849-0BAD-D5E0B42E3F17}.Debug|x64.Build.0 = Debug|Any CPU
		{C79CBE3D-5DF4-E849-0BAD-D5E0B42E3F17}.Debug|x86.ActiveCfg = Debug|Any CPU
		{C79CBE3D-5DF4-E849-0BAD-D5E0B42E3F17}.Debug|x86.Build.0 = Debug|Any CPU
		{C79CBE3D-5DF4-E849-0BAD-D5E0B42E3F17}.Release|Any CPU.ActiveCfg = Release|Any CPU
		{C79CBE3D-5DF4-E849-0BAD-D5E0B42E3F17}.Release|Any CPU.Build.0 = Release|Any CPU
		{C79CBE3D-5DF4-E849-0BAD-D5E0B42E3F17}.Release|x64.ActiveCfg = Release|Any CPU
		{C79CBE3D-5DF4-E849-0BAD-D5E0B42E3F17}.Release|x64.Build.0 = Release|Any CPU
		{C79CBE3D-5DF4-E849-0BAD-D5E0B42E3F17}.Release|x86.ActiveCfg = Release|Any CPU
		{C79CBE3D-5DF4-E849-0BAD-D5E0B42E3F17}.Release|x86.Build.0 = Release|Any CPU
		{99579333-ED59-0EDE-6D31-C76842352B62}.Debug|Any CPU.ActiveCfg = Debug|Any CPU
		{99579333-ED59-0EDE-6D31-C76842352B62}.Debug|Any CPU.Build.0 = Debug|Any CPU
		{99579333-ED59-0EDE-6D31-C76842352B62}.Debug|x64.ActiveCfg = Debug|Any CPU
		{99579333-ED59-0EDE-6D31-C76842352B62}.Debug|x64.Build.0 = Debug|Any CPU
		{99579333-ED59-0EDE-6D31-C76842352B62}.Debug|x86.ActiveCfg = Debug|Any CPU
		{99579333-ED59-0EDE-6D31-C76842352B62}.Debug|x86.Build.0 = Debug|Any CPU
		{99579333-ED59-0EDE-6D31-C76842352B62}.Release|Any CPU.ActiveCfg = Release|Any CPU
		{99579333-ED59-0EDE-6D31-C76842352B62}.Release|Any CPU.Build.0 = Release|Any CPU
		{99579333-ED59-0EDE-6D31-C76842352B62}.Release|x64.ActiveCfg = Release|Any CPU
                {99579333-ED59-0EDE-6D31-C76842352B62}.Release|x64.Build.0 = Release|Any CPU
                {99579333-ED59-0EDE-6D31-C76842352B62}.Release|x86.ActiveCfg = Release|Any CPU
                {99579333-ED59-0EDE-6D31-C76842352B62}.Release|x86.Build.0 = Release|Any CPU
                {C6250C68-BF90-48F8-BBFF-C4186F44E08F}.Debug|Any CPU.ActiveCfg = Debug|Any CPU
                {C6250C68-BF90-48F8-BBFF-C4186F44E08F}.Debug|Any CPU.Build.0 = Debug|Any CPU
                {C6250C68-BF90-48F8-BBFF-C4186F44E08F}.Debug|x64.ActiveCfg = Debug|Any CPU
                {C6250C68-BF90-48F8-BBFF-C4186F44E08F}.Debug|x64.Build.0 = Debug|Any CPU
                {C6250C68-BF90-48F8-BBFF-C4186F44E08F}.Debug|x86.ActiveCfg = Debug|Any CPU
                {C6250C68-BF90-48F8-BBFF-C4186F44E08F}.Debug|x86.Build.0 = Debug|Any CPU
                {C6250C68-BF90-48F8-BBFF-C4186F44E08F}.Release|Any CPU.ActiveCfg = Release|Any CPU
                {C6250C68-BF90-48F8-BBFF-C4186F44E08F}.Release|Any CPU.Build.0 = Release|Any CPU
                {C6250C68-BF90-48F8-BBFF-C4186F44E08F}.Release|x64.ActiveCfg = Release|Any CPU
                {C6250C68-BF90-48F8-BBFF-C4186F44E08F}.Release|x64.Build.0 = Release|Any CPU
                {C6250C68-BF90-48F8-BBFF-C4186F44E08F}.Release|x86.ActiveCfg = Release|Any CPU
                {C6250C68-BF90-48F8-BBFF-C4186F44E08F}.Release|x86.Build.0 = Release|Any CPU
                {BEF5FE65-76EF-10FC-54EB-DA7F924839E2}.Debug|Any CPU.ActiveCfg = Debug|Any CPU
                {BEF5FE65-76EF-10FC-54EB-DA7F924839E2}.Debug|Any CPU.Build.0 = Debug|Any CPU
                {BEF5FE65-76EF-10FC-54EB-DA7F924839E2}.Debug|x64.ActiveCfg = Debug|Any CPU
		{BEF5FE65-76EF-10FC-54EB-DA7F924839E2}.Debug|x64.Build.0 = Debug|Any CPU
		{BEF5FE65-76EF-10FC-54EB-DA7F924839E2}.Debug|x86.ActiveCfg = Debug|Any CPU
		{BEF5FE65-76EF-10FC-54EB-DA7F924839E2}.Debug|x86.Build.0 = Debug|Any CPU
		{BEF5FE65-76EF-10FC-54EB-DA7F924839E2}.Release|Any CPU.ActiveCfg = Release|Any CPU
		{BEF5FE65-76EF-10FC-54EB-DA7F924839E2}.Release|Any CPU.Build.0 = Release|Any CPU
		{BEF5FE65-76EF-10FC-54EB-DA7F924839E2}.Release|x64.ActiveCfg = Release|Any CPU
		{BEF5FE65-76EF-10FC-54EB-DA7F924839E2}.Release|x64.Build.0 = Release|Any CPU
		{BEF5FE65-76EF-10FC-54EB-DA7F924839E2}.Release|x86.ActiveCfg = Release|Any CPU
		{BEF5FE65-76EF-10FC-54EB-DA7F924839E2}.Release|x86.Build.0 = Release|Any CPU
	EndGlobalSection
	GlobalSection(SolutionProperties) = preSolution
		HideSolutionNode = FALSE
	EndGlobalSection
	GlobalSection(NestedProjects) = preSolution
		{DD759EED-7033-4BF5-9F9A-0C631B9099A5} = {02EA681E-C7D8-13C7-8484-4AC65E1B71E8}
		{CCB1AAC0-4161-432C-A8C7-9E3600DEBBE6} = {02EA681E-C7D8-13C7-8484-4AC65E1B71E8}
		{C44A1350-8227-44ED-9147-F96BB72D8067} = {8E95B6B0-C6F3-4998-993F-D3B4EFDD8135}
		{E5F034AE-2515-4B0B-BC28-4CA5B4C32079} = {8E95B6B0-C6F3-4998-993F-D3B4EFDD8135}
		{02B673C5-8E82-4573-B0B7-B8FC0FF04A04} = {8E95B6B0-C6F3-4998-993F-D3B4EFDD8135}
                {87B1B719-ED85-2416-4096-905AA5A956E6} = {827E0CD3-B72D-47B6-A68D-7590B98EB39B}
                {F2FBF86A-CB64-40BA-97CE-2F44169B1373} = {827E0CD3-B72D-47B6-A68D-7590B98EB39B}
                {ECBCA2E0-FCB6-6D6E-A1F5-612C2C208628} = {827E0CD3-B72D-47B6-A68D-7590B98EB39B}
		{9AE12332-4460-D19E-8F51-524C437160F0} = {827E0CD3-B72D-47B6-A68D-7590B98EB39B}
		{5C6DED85-60D9-5D6F-035A-6FDCA539AF1F} = {827E0CD3-B72D-47B6-A68D-7590B98EB39B}
                {C79CBE3D-5DF4-E849-0BAD-D5E0B42E3F17} = {827E0CD3-B72D-47B6-A68D-7590B98EB39B}
                {99579333-ED59-0EDE-6D31-C76842352B62} = {827E0CD3-B72D-47B6-A68D-7590B98EB39B}
                {C6250C68-BF90-48F8-BBFF-C4186F44E08F} = {827E0CD3-B72D-47B6-A68D-7590B98EB39B}
                {BEF5FE65-76EF-10FC-54EB-DA7F924839E2} = {FB8E4463-E335-4EC2-9FB0-A7CA6C6E218B}
        EndGlobalSection
	GlobalSection(ExtensibilityGlobals) = postSolution
		SolutionGuid = {6F7C4523-A00B-410C-A65A-6CC2A5C252BE}
	EndGlobalSection
EndGlobal
